{
  "name": "tester",
  "version": "1.0.0",
  "lockfileVersion": 2,
  "requires": true,
  "packages": {
    "": {
      "name": "tester",
      "version": "1.0.0",
      "license": "ISC"
    },
    "../node": {
      "name": "@snaptrade/js-fetch-api",
      "version": "1.0.0",
      "extraneous": true,
      "license": "ISC"
    }
  }
}
